
Microsoft Visual Studio Solution File, Format Version 12.00
# Visual Studio Version 16
VisualStudioVersion = 16.0.30907.101
MinimumVisualStudioVersion = 10.0.40219.1
Project("{FAE04EC0-301F-11D3-BF4B-00C04F79EFBC}") = "sudokuCLI", "sudokuCLI\sudokuCLI.csproj", "{69601797-A5CE-466A-960F-59808ED6A103}"
EndProject
Project("{FAE04EC0-301F-11D3-BF4B-00C04F79EFBC}") = "sudokuGUI", "sudokuGUI\sudokuGUI.csproj", "{DEA6181D-9467-46B0-897D-E8EEE7AECD4B}"
EndProject
Global
	GlobalSection(SolutionConfigurationPlatforms) = preSolution
		Debug|Any CPU = Debug|Any CPU
		Release|Any CPU = Release|Any CPU
	EndGlobalSection
	GlobalSection(ProjectConfigurationPlatforms) = postSolution
		{69601797-A5CE-466A-960F-59808ED6A103}.Debug|Any CPU.ActiveCfg = Debug|Any CPU
		{69601797-A5CE-466A-960F-59808ED6A103}.Debug|Any CPU.Build.0 = Debug|Any CPU
		{69601797-A5CE-466A-960F-59808ED6A103}.Release|Any CPU.ActiveCfg = Release|Any CPU
		{69601797-A5CE-466A-960F-59808ED6A103}.Release|Any CPU.Build.0 = Release|Any CPU
		{DEA6181D-9467-46B0-897D-E8EEE7AECD4B}.Debug|Any CPU.ActiveCfg = Debug|Any CPU
		{DEA6181D-9467-46B0-897D-E8EEE7AECD4B}.Debug|Any CPU.Build.0 = Debug|Any CPU
		{DEA6181D-9467-46B0-897D-E8EEE7AECD4B}.Release|Any CPU.ActiveCfg = Release|Any CPU
		{DEA6181D-9467-46B0-897D-E8EEE7AECD4B}.Release|Any CPU.Build.0 = Release|Any CPU
	EndGlobalSection
	GlobalSection(SolutionProperties) = preSolution
		HideSolutionNode = FALSE
	EndGlobalSection
	GlobalSection(ExtensibilityGlobals) = postSolution
		SolutionGuid = {BF683E16-22F4-453F-8005-C991D54DD123}
	EndGlobalSection
EndGlobal
