
Microsoft Visual Studio Solution File, Format Version 12.00
# Visual Studio Version 16
VisualStudioVersion = 16.0.30907.101
MinimumVisualStudioVersion = 10.0.40219.1
Project("{FAE04EC0-301F-11D3-BF4B-00C04F79EFBC}") = "WindowsFormsOsszeadas", "WindowsFormsOsszeadas\WindowsFormsOsszeadas.csproj", "{E8BB4C15-7191-4DA1-BAF2-8EE57E6F68ED}"
EndProject
Global
	GlobalSection(SolutionConfigurationPlatforms) = preSolution
		Debug|Any CPU = Debug|Any CPU
		Release|Any CPU = Release|Any CPU
	EndGlobalSection
	GlobalSection(ProjectConfigurationPlatforms) = postSolution
		{E8BB4C15-7191-4DA1-BAF2-8EE57E6F68ED}.Debug|Any CPU.ActiveCfg = Debug|Any CPU
		{E8BB4C15-7191-4DA1-BAF2-8EE57E6F68ED}.Debug|Any CPU.Build.0 = Debug|Any CPU
		{E8BB4C15-7191-4DA1-BAF2-8EE57E6F68ED}.Release|Any CPU.ActiveCfg = Release|Any CPU
		{E8BB4C15-7191-4DA1-BAF2-8EE57E6F68ED}.Release|Any CPU.Build.0 = Release|Any CPU
	EndGlobalSection
	GlobalSection(SolutionProperties) = preSolution
		HideSolutionNode = FALSE
	EndGlobalSection
	GlobalSection(ExtensibilityGlobals) = postSolution
		SolutionGuid = {82444CE6-DCD4-4EAF-BD09-851DA1C0B333}
	EndGlobalSection
EndGlobal
