
Microsoft Visual Studio Solution File, Format Version 12.00
# Visual Studio Version 16
VisualStudioVersion = 16.0.31129.286
MinimumVisualStudioVersion = 10.0.40219.1
Project("{FAE04EC0-301F-11D3-BF4B-00C04F79EFBC}") = "KivetelGyak", "KivetelGyak\KivetelGyak.csproj", "{99DDA1AA-4571-4574-AE7B-A517257D627C}"
EndProject
Project("{FAE04EC0-301F-11D3-BF4B-00C04F79EFBC}") = "WpfSpeed", "WpfSpeed\WpfSpeed.csproj", "{6AED3E0F-5CA6-4DD2-9BBA-7C3CEB37D88C}"
EndProject
Global
	GlobalSection(SolutionConfigurationPlatforms) = preSolution
		Debug|Any CPU = Debug|Any CPU
		Release|Any CPU = Release|Any CPU
	EndGlobalSection
	GlobalSection(ProjectConfigurationPlatforms) = postSolution
		{99DDA1AA-4571-4574-AE7B-A517257D627C}.Debug|Any CPU.ActiveCfg = Debug|Any CPU
		{99DDA1AA-4571-4574-AE7B-A517257D627C}.Debug|Any CPU.Build.0 = Debug|Any CPU
		{99DDA1AA-4571-4574-AE7B-A517257D627C}.Release|Any CPU.ActiveCfg = Release|Any CPU
		{99DDA1AA-4571-4574-AE7B-A517257D627C}.Release|Any CPU.Build.0 = Release|Any CPU
		{6AED3E0F-5CA6-4DD2-9BBA-7C3CEB37D88C}.Debug|Any CPU.ActiveCfg = Debug|Any CPU
		{6AED3E0F-5CA6-4DD2-9BBA-7C3CEB37D88C}.Debug|Any CPU.Build.0 = Debug|Any CPU
		{6AED3E0F-5CA6-4DD2-9BBA-7C3CEB37D88C}.Release|Any CPU.ActiveCfg = Release|Any CPU
		{6AED3E0F-5CA6-4DD2-9BBA-7C3CEB37D88C}.Release|Any CPU.Build.0 = Release|Any CPU
	EndGlobalSection
	GlobalSection(SolutionProperties) = preSolution
		HideSolutionNode = FALSE
	EndGlobalSection
	GlobalSection(ExtensibilityGlobals) = postSolution
		SolutionGuid = {2A1F7843-8364-4D50-90CA-66E359749A06}
	EndGlobalSection
EndGlobal
