
Microsoft Visual Studio Solution File, Format Version 12.00
# Visual Studio Version 16
VisualStudioVersion = 16.0.31129.286
MinimumVisualStudioVersion = 10.0.40219.1
Project("{FAE04EC0-301F-11D3-BF4B-00C04F79EFBC}") = "Balkezesek", "Balkezesek\Balkezesek.csproj", "{AC1E4A1A-982F-446B-A3E8-4EB88D13F1B9}"
EndProject
Global
	GlobalSection(SolutionConfigurationPlatforms) = preSolution
		Debug|Any CPU = Debug|Any CPU
		Release|Any CPU = Release|Any CPU
	EndGlobalSection
	GlobalSection(ProjectConfigurationPlatforms) = postSolution
		{AC1E4A1A-982F-446B-A3E8-4EB88D13F1B9}.Debug|Any CPU.ActiveCfg = Debug|Any CPU
		{AC1E4A1A-982F-446B-A3E8-4EB88D13F1B9}.Debug|Any CPU.Build.0 = Debug|Any CPU
		{AC1E4A1A-982F-446B-A3E8-4EB88D13F1B9}.Release|Any CPU.ActiveCfg = Release|Any CPU
		{AC1E4A1A-982F-446B-A3E8-4EB88D13F1B9}.Release|Any CPU.Build.0 = Release|Any CPU
	EndGlobalSection
	GlobalSection(SolutionProperties) = preSolution
		HideSolutionNode = FALSE
	EndGlobalSection
	GlobalSection(ExtensibilityGlobals) = postSolution
		SolutionGuid = {DE3F9D2B-2CAB-4941-894E-F653CD3C4C9E}
	EndGlobalSection
EndGlobal
