
Microsoft Visual Studio Solution File, Format Version 12.00
# Visual Studio Version 16
VisualStudioVersion = 16.0.30907.101
MinimumVisualStudioVersion = 10.0.40219.1
Project("{FAE04EC0-301F-11D3-BF4B-00C04F79EFBC}") = "Snooker", "Snooker\Snooker.csproj", "{3891F030-48D5-4D67-84BE-677B0394092B}"
EndProject
Global
	GlobalSection(SolutionConfigurationPlatforms) = preSolution
		Debug|Any CPU = Debug|Any CPU
		Release|Any CPU = Release|Any CPU
	EndGlobalSection
	GlobalSection(ProjectConfigurationPlatforms) = postSolution
		{3891F030-48D5-4D67-84BE-677B0394092B}.Debug|Any CPU.ActiveCfg = Debug|Any CPU
		{3891F030-48D5-4D67-84BE-677B0394092B}.Debug|Any CPU.Build.0 = Debug|Any CPU
		{3891F030-48D5-4D67-84BE-677B0394092B}.Release|Any CPU.ActiveCfg = Release|Any CPU
		{3891F030-48D5-4D67-84BE-677B0394092B}.Release|Any CPU.Build.0 = Release|Any CPU
	EndGlobalSection
	GlobalSection(SolutionProperties) = preSolution
		HideSolutionNode = FALSE
	EndGlobalSection
	GlobalSection(ExtensibilityGlobals) = postSolution
		SolutionGuid = {545FE836-04FF-40CD-8667-C83E28BF94F7}
	EndGlobalSection
EndGlobal
