
Microsoft Visual Studio Solution File, Format Version 12.00
# Visual Studio Version 16
VisualStudioVersion = 16.0.30523.141
MinimumVisualStudioVersion = 10.0.40219.1
Project("{FAE04EC0-301F-11D3-BF4B-00C04F79EFBC}") = "Hegyek", "Hegyek\Hegyek.csproj", "{7C1EA338-FBA7-4EDD-93F5-EF1B34182497}"
EndProject
Global
	GlobalSection(SolutionConfigurationPlatforms) = preSolution
		Debug|Any CPU = Debug|Any CPU
		Release|Any CPU = Release|Any CPU
	EndGlobalSection
	GlobalSection(ProjectConfigurationPlatforms) = postSolution
		{7C1EA338-FBA7-4EDD-93F5-EF1B34182497}.Debug|Any CPU.ActiveCfg = Debug|Any CPU
		{7C1EA338-FBA7-4EDD-93F5-EF1B34182497}.Debug|Any CPU.Build.0 = Debug|Any CPU
		{7C1EA338-FBA7-4EDD-93F5-EF1B34182497}.Release|Any CPU.ActiveCfg = Release|Any CPU
		{7C1EA338-FBA7-4EDD-93F5-EF1B34182497}.Release|Any CPU.Build.0 = Release|Any CPU
	EndGlobalSection
	GlobalSection(SolutionProperties) = preSolution
		HideSolutionNode = FALSE
	EndGlobalSection
	GlobalSection(ExtensibilityGlobals) = postSolution
		SolutionGuid = {F5ED904C-035F-4EF5-9EBB-17426B7E733A}
	EndGlobalSection
EndGlobal
